// !$*UTF8*$!
{
	archiveVersion = 1;
	classes = {
	};
	objectVersion = 56;
	objects = {

/* Begin PBXBuildFile section */
		30192ADA2C3F3298006F62DF /* AppDelegate.swift in Sources */ = {isa = PBXBuildFile; fileRef = 30192AD92C3F3298006F62DF /* AppDelegate.swift */; };
		30192ADC2C3F3298006F62DF /* SceneDelegate.swift in Sources */ = {isa = PBXBuildFile; fileRef = 30192ADB2C3F3298006F62DF /* SceneDelegate.swift */; };
		30192AE32C3F329A006F62DF /* Assets.xcassets in Resources */ = {isa = PBXBuildFile; fileRef = 30192AE22C3F329A006F62DF /* Assets.xcassets */; };
		30192AE62C3F329A006F62DF /* Base in Resources */ = {isa = PBXBuildFile; fileRef = 30192AE52C3F329A006F62DF /* Base */; };
		30192AF12C3F329A006F62DF /* themoviedbTests.swift in Sources */ = {isa = PBXBuildFile; fileRef = 30192AF02C3F329A006F62DF /* themoviedbTests.swift */; };
		30192AFB2C3F329A006F62DF /* themoviedbUITests.swift in Sources */ = {isa = PBXBuildFile; fileRef = 30192AFA2C3F329A006F62DF /* themoviedbUITests.swift */; };
		30192AFD2C3F329A006F62DF /* themoviedbUITestsLaunchTests.swift in Sources */ = {isa = PBXBuildFile; fileRef = 30192AFC2C3F329A006F62DF /* themoviedbUITestsLaunchTests.swift */; };
		30192B152C3F3D26006F62DF /* AppCoordinator.swift in Sources */ = {isa = PBXBuildFile; fileRef = 30192B142C3F3D26006F62DF /* AppCoordinator.swift */; };
		30192B1A2C3F3DFC006F62DF /* Router.swift in Sources */ = {isa = PBXBuildFile; fileRef = 30192B192C3F3DFC006F62DF /* Router.swift */; };
		30192B1C2C3F3E57006F62DF /* BaseRouter.swift in Sources */ = {isa = PBXBuildFile; fileRef = 30192B1B2C3F3E57006F62DF /* BaseRouter.swift */; };
		30192B1E2C3F3E8F006F62DF /* Coordinator.swift in Sources */ = {isa = PBXBuildFile; fileRef = 30192B1D2C3F3E8F006F62DF /* Coordinator.swift */; };
		30192B252C3F440B006F62DF /* Swinject in Frameworks */ = {isa = PBXBuildFile; productRef = 30192B242C3F440B006F62DF /* Swinject */; };
		30192B282C3F4463006F62DF /* Alamofire in Frameworks */ = {isa = PBXBuildFile; productRef = 30192B272C3F4463006F62DF /* Alamofire */; };
		30192B2A2C42775D006F62DF /* MovieListCoordinator.swift in Sources */ = {isa = PBXBuildFile; fileRef = 30192B292C42775D006F62DF /* MovieListCoordinator.swift */; };
		30192B2C2C427C0C006F62DF /* Main.storyboard in Resources */ = {isa = PBXBuildFile; fileRef = 30192B2B2C427C0C006F62DF /* Main.storyboard */; };
		30192B2E2C427D4E006F62DF /* MovieListViewModel.swift in Sources */ = {isa = PBXBuildFile; fileRef = 30192B2D2C427D4E006F62DF /* MovieListViewModel.swift */; };
		30192B302C427D60006F62DF /* MovieListViewController.swift in Sources */ = {isa = PBXBuildFile; fileRef = 30192B2F2C427D60006F62DF /* MovieListViewController.swift */; };
		30192B322C427D91006F62DF /* BaseViewController.swift in Sources */ = {isa = PBXBuildFile; fileRef = 30192B312C427D91006F62DF /* BaseViewController.swift */; };
		30192B342C427DDF006F62DF /* BaseViewModel.swift in Sources */ = {isa = PBXBuildFile; fileRef = 30192B332C427DDF006F62DF /* BaseViewModel.swift */; };
		30192B362C427F2B006F62DF /* MovieDetailsCoordinator.swift in Sources */ = {isa = PBXBuildFile; fileRef = 30192B352C427F2B006F62DF /* MovieDetailsCoordinator.swift */; };
		30192B382C427F95006F62DF /* MovieDetailViewModel.swift in Sources */ = {isa = PBXBuildFile; fileRef = 30192B372C427F95006F62DF /* MovieDetailViewModel.swift */; };
		30192B3A2C427FB9006F62DF /* MovieDetailViewController.swift in Sources */ = {isa = PBXBuildFile; fileRef = 30192B392C427FB9006F62DF /* MovieDetailViewController.swift */; };
		30192B3C2C428030006F62DF /* Movie.swift in Sources */ = {isa = PBXBuildFile; fileRef = 30192B3B2C428030006F62DF /* Movie.swift */; };
		30192B3E2C42A985006F62DF /* FetchMovieUseCase.swift in Sources */ = {isa = PBXBuildFile; fileRef = 30192B3D2C42A985006F62DF /* FetchMovieUseCase.swift */; };
		30192B402C42AA56006F62DF /* MovieRepository.swift in Sources */ = {isa = PBXBuildFile; fileRef = 30192B3F2C42AA56006F62DF /* MovieRepository.swift */; };
		30192B422C42AB47006F62DF /* MovieAPIService.swift in Sources */ = {isa = PBXBuildFile; fileRef = 30192B412C42AB47006F62DF /* MovieAPIService.swift */; };
		30192B452C42AB88006F62DF /* MovieDTO.swift in Sources */ = {isa = PBXBuildFile; fileRef = 30192B442C42AB88006F62DF /* MovieDTO.swift */; };
		30192B472C4341B7006F62DF /* APIClient.swift in Sources */ = {isa = PBXBuildFile; fileRef = 30192B462C4341B7006F62DF /* APIClient.swift */; };
		30192B4A2C434397006F62DF /* APIError.swift in Sources */ = {isa = PBXBuildFile; fileRef = 30192B492C434397006F62DF /* APIError.swift */; };
		30192B4C2C4343C6006F62DF /* Endpoint.swift in Sources */ = {isa = PBXBuildFile; fileRef = 30192B4B2C4343C6006F62DF /* Endpoint.swift */; };
		30192B4F2C434C0E006F62DF /* AlamofireAPIClient.swift in Sources */ = {isa = PBXBuildFile; fileRef = 30192B4E2C434C0E006F62DF /* AlamofireAPIClient.swift */; };
		30192B512C435DAE006F62DF /* AppContainer.swift in Sources */ = {isa = PBXBuildFile; fileRef = 30192B502C435DAE006F62DF /* AppContainer.swift */; };
		30192B542C435E05006F62DF /* AppAssembly.swift in Sources */ = {isa = PBXBuildFile; fileRef = 30192B532C435E05006F62DF /* AppAssembly.swift */; };
		30192B562C435E16006F62DF /* MovieListAssembly.swift in Sources */ = {isa = PBXBuildFile; fileRef = 30192B552C435E16006F62DF /* MovieListAssembly.swift */; };
		30192B582C43620B006F62DF /* MovieDetailAssembly.swift in Sources */ = {isa = PBXBuildFile; fileRef = 30192B572C43620B006F62DF /* MovieDetailAssembly.swift */; };
		30192B5A2C436251006F62DF /* FetchMovieListUseCase.swift in Sources */ = {isa = PBXBuildFile; fileRef = 30192B592C436251006F62DF /* FetchMovieListUseCase.swift */; };
		30192B5C2C43726B006F62DF /* PagerContainerDTO.swift in Sources */ = {isa = PBXBuildFile; fileRef = 30192B5B2C43726A006F62DF /* PagerContainerDTO.swift */; };
		30192B5E2C4373A9006F62DF /* Pager.swift in Sources */ = {isa = PBXBuildFile; fileRef = 30192B5D2C4373A9006F62DF /* Pager.swift */; };
		30192B602C438DAE006F62DF /* Publisher+Extention.swift in Sources */ = {isa = PBXBuildFile; fileRef = 30192B5F2C438DAE006F62DF /* Publisher+Extention.swift */; };
		30192B652C43B80E006F62DF /* MovieTableViewCell.swift in Sources */ = {isa = PBXBuildFile; fileRef = 30192B642C43B80E006F62DF /* MovieTableViewCell.swift */; };
		30192B682C43C3E4006F62DF /* AlamofireImage in Frameworks */ = {isa = PBXBuildFile; productRef = 30192B672C43C3E4006F62DF /* AlamofireImage */; };
/* End PBXBuildFile section */

/* Begin PBXContainerItemProxy section */
		30192AED2C3F329A006F62DF /* PBXContainerItemProxy */ = {
			isa = PBXContainerItemProxy;
			containerPortal = 30192ACE2C3F3298006F62DF /* Project object */;
			proxyType = 1;
			remoteGlobalIDString = 30192AD52C3F3298006F62DF;
			remoteInfo = themoviedb;
		};
		30192AF72C3F329A006F62DF /* PBXContainerItemProxy */ = {
			isa = PBXContainerItemProxy;
			containerPortal = 30192ACE2C3F3298006F62DF /* Project object */;
			proxyType = 1;
			remoteGlobalIDString = 30192AD52C3F3298006F62DF;
			remoteInfo = themoviedb;
		};
/* End PBXContainerItemProxy section */

/* Begin PBXFileReference section */
		30192AD62C3F3298006F62DF /* themoviedb.app */ = {isa = PBXFileReference; explicitFileType = wrapper.application; includeInIndex = 0; path = themoviedb.app; sourceTree = BUILT_PRODUCTS_DIR; };
		30192AD92C3F3298006F62DF /* AppDelegate.swift */ = {isa = PBXFileReference; lastKnownFileType = sourcecode.swift; path = AppDelegate.swift; sourceTree = "<group>"; };
		30192ADB2C3F3298006F62DF /* SceneDelegate.swift */ = {isa = PBXFileReference; lastKnownFileType = sourcecode.swift; path = SceneDelegate.swift; sourceTree = "<group>"; };
		30192AE22C3F329A006F62DF /* Assets.xcassets */ = {isa = PBXFileReference; lastKnownFileType = folder.assetcatalog; path = Assets.xcassets; sourceTree = "<group>"; };
		30192AE52C3F329A006F62DF /* Base */ = {isa = PBXFileReference; lastKnownFileType = file.storyboard; name = Base; path = Base.lproj/LaunchScreen.storyboard; sourceTree = "<group>"; };
		30192AE72C3F329A006F62DF /* Info.plist */ = {isa = PBXFileReference; lastKnownFileType = text.plist.xml; path = Info.plist; sourceTree = "<group>"; };
		30192AEC2C3F329A006F62DF /* themoviedbTests.xctest */ = {isa = PBXFileReference; explicitFileType = wrapper.cfbundle; includeInIndex = 0; path = themoviedbTests.xctest; sourceTree = BUILT_PRODUCTS_DIR; };
		30192AF02C3F329A006F62DF /* themoviedbTests.swift */ = {isa = PBXFileReference; lastKnownFileType = sourcecode.swift; path = themoviedbTests.swift; sourceTree = "<group>"; };
		30192AF62C3F329A006F62DF /* themoviedbUITests.xctest */ = {isa = PBXFileReference; explicitFileType = wrapper.cfbundle; includeInIndex = 0; path = themoviedbUITests.xctest; sourceTree = BUILT_PRODUCTS_DIR; };
		30192AFA2C3F329A006F62DF /* themoviedbUITests.swift */ = {isa = PBXFileReference; lastKnownFileType = sourcecode.swift; path = themoviedbUITests.swift; sourceTree = "<group>"; };
		30192AFC2C3F329A006F62DF /* themoviedbUITestsLaunchTests.swift */ = {isa = PBXFileReference; lastKnownFileType = sourcecode.swift; path = themoviedbUITestsLaunchTests.swift; sourceTree = "<group>"; };
		30192B142C3F3D26006F62DF /* AppCoordinator.swift */ = {isa = PBXFileReference; lastKnownFileType = sourcecode.swift; path = AppCoordinator.swift; sourceTree = "<group>"; };
		30192B192C3F3DFC006F62DF /* Router.swift */ = {isa = PBXFileReference; lastKnownFileType = sourcecode.swift; path = Router.swift; sourceTree = "<group>"; };
		30192B1B2C3F3E57006F62DF /* BaseRouter.swift */ = {isa = PBXFileReference; lastKnownFileType = sourcecode.swift; path = BaseRouter.swift; sourceTree = "<group>"; };
		30192B1D2C3F3E8F006F62DF /* Coordinator.swift */ = {isa = PBXFileReference; lastKnownFileType = sourcecode.swift; path = Coordinator.swift; sourceTree = "<group>"; };
		30192B292C42775D006F62DF /* MovieListCoordinator.swift */ = {isa = PBXFileReference; lastKnownFileType = sourcecode.swift; path = MovieListCoordinator.swift; sourceTree = "<group>"; };
		30192B2B2C427C0C006F62DF /* Main.storyboard */ = {isa = PBXFileReference; fileEncoding = 4; lastKnownFileType = file.storyboard; path = Main.storyboard; sourceTree = "<group>"; };
		30192B2D2C427D4E006F62DF /* MovieListViewModel.swift */ = {isa = PBXFileReference; lastKnownFileType = sourcecode.swift; path = MovieListViewModel.swift; sourceTree = "<group>"; };
		30192B2F2C427D60006F62DF /* MovieListViewController.swift */ = {isa = PBXFileReference; lastKnownFileType = sourcecode.swift; path = MovieListViewController.swift; sourceTree = "<group>"; };
		30192B312C427D91006F62DF /* BaseViewController.swift */ = {isa = PBXFileReference; lastKnownFileType = sourcecode.swift; path = BaseViewController.swift; sourceTree = "<group>"; };
		30192B332C427DDF006F62DF /* BaseViewModel.swift */ = {isa = PBXFileReference; lastKnownFileType = sourcecode.swift; path = BaseViewModel.swift; sourceTree = "<group>"; };
		30192B352C427F2B006F62DF /* MovieDetailsCoordinator.swift */ = {isa = PBXFileReference; lastKnownFileType = sourcecode.swift; path = MovieDetailsCoordinator.swift; sourceTree = "<group>"; };
		30192B372C427F95006F62DF /* MovieDetailViewModel.swift */ = {isa = PBXFileReference; lastKnownFileType = sourcecode.swift; path = MovieDetailViewModel.swift; sourceTree = "<group>"; };
		30192B392C427FB9006F62DF /* MovieDetailViewController.swift */ = {isa = PBXFileReference; lastKnownFileType = sourcecode.swift; path = MovieDetailViewController.swift; sourceTree = "<group>"; };
		30192B3B2C428030006F62DF /* Movie.swift */ = {isa = PBXFileReference; lastKnownFileType = sourcecode.swift; path = Movie.swift; sourceTree = "<group>"; };
		30192B3D2C42A985006F62DF /* FetchMovieUseCase.swift */ = {isa = PBXFileReference; lastKnownFileType = sourcecode.swift; path = FetchMovieUseCase.swift; sourceTree = "<group>"; };
		30192B3F2C42AA56006F62DF /* MovieRepository.swift */ = {isa = PBXFileReference; lastKnownFileType = sourcecode.swift; path = MovieRepository.swift; sourceTree = "<group>"; };
		30192B412C42AB47006F62DF /* MovieAPIService.swift */ = {isa = PBXFileReference; lastKnownFileType = sourcecode.swift; path = MovieAPIService.swift; sourceTree = "<group>"; };
		30192B442C42AB88006F62DF /* MovieDTO.swift */ = {isa = PBXFileReference; lastKnownFileType = sourcecode.swift; path = MovieDTO.swift; sourceTree = "<group>"; };
		30192B462C4341B7006F62DF /* APIClient.swift */ = {isa = PBXFileReference; lastKnownFileType = sourcecode.swift; path = APIClient.swift; sourceTree = "<group>"; };
		30192B492C434397006F62DF /* APIError.swift */ = {isa = PBXFileReference; lastKnownFileType = sourcecode.swift; path = APIError.swift; sourceTree = "<group>"; };
		30192B4B2C4343C6006F62DF /* Endpoint.swift */ = {isa = PBXFileReference; lastKnownFileType = sourcecode.swift; path = Endpoint.swift; sourceTree = "<group>"; };
		30192B4E2C434C0E006F62DF /* AlamofireAPIClient.swift */ = {isa = PBXFileReference; lastKnownFileType = sourcecode.swift; path = AlamofireAPIClient.swift; sourceTree = "<group>"; };
		30192B502C435DAE006F62DF /* AppContainer.swift */ = {isa = PBXFileReference; lastKnownFileType = sourcecode.swift; path = AppContainer.swift; sourceTree = "<group>"; };
		30192B532C435E05006F62DF /* AppAssembly.swift */ = {isa = PBXFileReference; lastKnownFileType = sourcecode.swift; path = AppAssembly.swift; sourceTree = "<group>"; };
		30192B552C435E16006F62DF /* MovieListAssembly.swift */ = {isa = PBXFileReference; lastKnownFileType = sourcecode.swift; path = MovieListAssembly.swift; sourceTree = "<group>"; };
		30192B572C43620B006F62DF /* MovieDetailAssembly.swift */ = {isa = PBXFileReference; lastKnownFileType = sourcecode.swift; path = MovieDetailAssembly.swift; sourceTree = "<group>"; };
		30192B592C436251006F62DF /* FetchMovieListUseCase.swift */ = {isa = PBXFileReference; lastKnownFileType = sourcecode.swift; path = FetchMovieListUseCase.swift; sourceTree = "<group>"; };
		30192B5B2C43726A006F62DF /* PagerContainerDTO.swift */ = {isa = PBXFileReference; lastKnownFileType = sourcecode.swift; path = PagerContainerDTO.swift; sourceTree = "<group>"; };
		30192B5D2C4373A9006F62DF /* Pager.swift */ = {isa = PBXFileReference; lastKnownFileType = sourcecode.swift; path = Pager.swift; sourceTree = "<group>"; };
		30192B5F2C438DAE006F62DF /* Publisher+Extention.swift */ = {isa = PBXFileReference; lastKnownFileType = sourcecode.swift; path = "Publisher+Extention.swift"; sourceTree = "<group>"; };
		30192B642C43B80E006F62DF /* MovieTableViewCell.swift */ = {isa = PBXFileReference; lastKnownFileType = sourcecode.swift; path = MovieTableViewCell.swift; sourceTree = "<group>"; };
/* End PBXFileReference section */

/* Begin PBXFrameworksBuildPhase section */
		30192AD32C3F3298006F62DF /* Frameworks */ = {
			isa = PBXFrameworksBuildPhase;
			buildActionMask = 2147483647;
			files = (
				30192B252C3F440B006F62DF /* Swinject in Frameworks */,
				30192B282C3F4463006F62DF /* Alamofire in Frameworks */,
				30192B682C43C3E4006F62DF /* AlamofireImage in Frameworks */,
			);
			runOnlyForDeploymentPostprocessing = 0;
		};
		30192AE92C3F329A006F62DF /* Frameworks */ = {
			isa = PBXFrameworksBuildPhase;
			buildActionMask = 2147483647;
			files = (
			);
			runOnlyForDeploymentPostprocessing = 0;
		};
		30192AF32C3F329A006F62DF /* Frameworks */ = {
			isa = PBXFrameworksBuildPhase;
			buildActionMask = 2147483647;
			files = (
			);
			runOnlyForDeploymentPostprocessing = 0;
		};
/* End PBXFrameworksBuildPhase section */

/* Begin PBXGroup section */
		30192ACD2C3F3298006F62DF = {
			isa = PBXGroup;
			children = (
				30192AD82C3F3298006F62DF /* themoviedb */,
				30192AEF2C3F329A006F62DF /* themoviedbTests */,
				30192AF92C3F329A006F62DF /* themoviedbUITests */,
				30192AD72C3F3298006F62DF /* Products */,
				30192B212C3F440B006F62DF /* Frameworks */,
			);
			sourceTree = "<group>";
		};
		30192AD72C3F3298006F62DF /* Products */ = {
			isa = PBXGroup;
			children = (
				30192AD62C3F3298006F62DF /* themoviedb.app */,
				30192AEC2C3F329A006F62DF /* themoviedbTests.xctest */,
				30192AF62C3F329A006F62DF /* themoviedbUITests.xctest */,
			);
			name = Products;
			sourceTree = "<group>";
		};
		30192AD82C3F3298006F62DF /* themoviedb */ = {
			isa = PBXGroup;
			children = (
				30192B142C3F3D26006F62DF /* AppCoordinator.swift */,
				30192B502C435DAE006F62DF /* AppContainer.swift */,
				30192AD92C3F3298006F62DF /* AppDelegate.swift */,
				30192ADB2C3F3298006F62DF /* SceneDelegate.swift */,
				30192B522C435DE0006F62DF /* Assembly */,
				30192B092C3F341E006F62DF /* Data */,
				30192B0C2C3F344D006F62DF /* Domain */,
				30192B0F2C3F3473006F62DF /* Presentation */,
				30192B122C3F34B4006F62DF /* Utilities */,
				30192AE22C3F329A006F62DF /* Assets.xcassets */,
				30192B2B2C427C0C006F62DF /* Main.storyboard */,
				30192AE42C3F329A006F62DF /* LaunchScreen.storyboard */,
				30192AE72C3F329A006F62DF /* Info.plist */,
			);
			path = themoviedb;
			sourceTree = "<group>";
		};
		30192AEF2C3F329A006F62DF /* themoviedbTests */ = {
			isa = PBXGroup;
			children = (
				30192AF02C3F329A006F62DF /* themoviedbTests.swift */,
			);
			path = themoviedbTests;
			sourceTree = "<group>";
		};
		30192AF92C3F329A006F62DF /* themoviedbUITests */ = {
			isa = PBXGroup;
			children = (
				30192AFA2C3F329A006F62DF /* themoviedbUITests.swift */,
				30192AFC2C3F329A006F62DF /* themoviedbUITestsLaunchTests.swift */,
			);
			path = themoviedbUITests;
			sourceTree = "<group>";
		};
		30192B092C3F341E006F62DF /* Data */ = {
			isa = PBXGroup;
			children = (
				30192B432C42AB7B006F62DF /* DTO */,
				30192B0B2C3F3436006F62DF /* Repository */,
				30192B0A2C3F342C006F62DF /* API */,
			);
			path = Data;
			sourceTree = "<group>";
		};
		30192B0A2C3F342C006F62DF /* API */ = {
			isa = PBXGroup;
			children = (
				30192B462C4341B7006F62DF /* APIClient.swift */,
				30192B4E2C434C0E006F62DF /* AlamofireAPIClient.swift */,
				30192B4B2C4343C6006F62DF /* Endpoint.swift */,
				30192B492C434397006F62DF /* APIError.swift */,
				30192B4D2C434BE3006F62DF /* Service */,
			);
			path = API;
			sourceTree = "<group>";
		};
		30192B0B2C3F3436006F62DF /* Repository */ = {
			isa = PBXGroup;
			children = (
				30192B3F2C42AA56006F62DF /* MovieRepository.swift */,
			);
			path = Repository;
			sourceTree = "<group>";
		};
		30192B0C2C3F344D006F62DF /* Domain */ = {
			isa = PBXGroup;
			children = (
				30192B0E2C3F3465006F62DF /* UseCases */,
				30192B0D2C3F345A006F62DF /* Models */,
			);
			path = Domain;
			sourceTree = "<group>";
		};
		30192B0D2C3F345A006F62DF /* Models */ = {
			isa = PBXGroup;
			children = (
				30192B3B2C428030006F62DF /* Movie.swift */,
				30192B5D2C4373A9006F62DF /* Pager.swift */,
			);
			path = Models;
			sourceTree = "<group>";
		};
		30192B0E2C3F3465006F62DF /* UseCases */ = {
			isa = PBXGroup;
			children = (
				30192B3D2C42A985006F62DF /* FetchMovieUseCase.swift */,
				30192B592C436251006F62DF /* FetchMovieListUseCase.swift */,
			);
			path = UseCases;
			sourceTree = "<group>";
		};
		30192B0F2C3F3473006F62DF /* Presentation */ = {
			isa = PBXGroup;
			children = (
				30192B182C3F3DB2006F62DF /* Router */,
				30192B132C3F36DA006F62DF /* Coordinator */,
				30192B112C3F348B006F62DF /* ViewModels */,
				30192B102C3F3481006F62DF /* View */,
			);
			path = Presentation;
			sourceTree = "<group>";
		};
		30192B102C3F3481006F62DF /* View */ = {
			isa = PBXGroup;
			children = (
				30192B632C43B7F3006F62DF /* TableViewCell */,
				30192B2F2C427D60006F62DF /* MovieListViewController.swift */,
				30192B392C427FB9006F62DF /* MovieDetailViewController.swift */,
			);
			path = View;
			sourceTree = "<group>";
		};
		30192B112C3F348B006F62DF /* ViewModels */ = {
			isa = PBXGroup;
			children = (
				30192B2D2C427D4E006F62DF /* MovieListViewModel.swift */,
				30192B372C427F95006F62DF /* MovieDetailViewModel.swift */,
			);
			path = ViewModels;
			sourceTree = "<group>";
		};
		30192B122C3F34B4006F62DF /* Utilities */ = {
			isa = PBXGroup;
			children = (
				30192B312C427D91006F62DF /* BaseViewController.swift */,
				30192B332C427DDF006F62DF /* BaseViewModel.swift */,
				30192B5F2C438DAE006F62DF /* Publisher+Extention.swift */,
			);
			path = Utilities;
			sourceTree = "<group>";
		};
		30192B132C3F36DA006F62DF /* Coordinator */ = {
			isa = PBXGroup;
			children = (
				30192B1D2C3F3E8F006F62DF /* Coordinator.swift */,
				30192B292C42775D006F62DF /* MovieListCoordinator.swift */,
				30192B352C427F2B006F62DF /* MovieDetailsCoordinator.swift */,
			);
			path = Coordinator;
			sourceTree = "<group>";
		};
		30192B182C3F3DB2006F62DF /* Router */ = {
			isa = PBXGroup;
			children = (
				30192B192C3F3DFC006F62DF /* Router.swift */,
				30192B1B2C3F3E57006F62DF /* BaseRouter.swift */,
			);
			path = Router;
			sourceTree = "<group>";
		};
		30192B212C3F440B006F62DF /* Frameworks */ = {
			isa = PBXGroup;
			children = (
			);
			name = Frameworks;
			sourceTree = "<group>";
		};
		30192B432C42AB7B006F62DF /* DTO */ = {
			isa = PBXGroup;
			children = (
				30192B442C42AB88006F62DF /* MovieDTO.swift */,
				30192B5B2C43726A006F62DF /* PagerContainerDTO.swift */,
			);
			path = DTO;
			sourceTree = "<group>";
		};
		30192B4D2C434BE3006F62DF /* Service */ = {
			isa = PBXGroup;
			children = (
				30192B412C42AB47006F62DF /* MovieAPIService.swift */,
			);
			path = Service;
			sourceTree = "<group>";
		};
		30192B522C435DE0006F62DF /* Assembly */ = {
			isa = PBXGroup;
			children = (
				30192B532C435E05006F62DF /* AppAssembly.swift */,
				30192B552C435E16006F62DF /* MovieListAssembly.swift */,
				30192B572C43620B006F62DF /* MovieDetailAssembly.swift */,
			);
			path = Assembly;
			sourceTree = "<group>";
		};
		30192B632C43B7F3006F62DF /* TableViewCell */ = {
			isa = PBXGroup;
			children = (
				30192B642C43B80E006F62DF /* MovieTableViewCell.swift */,
			);
			path = TableViewCell;
			sourceTree = "<group>";
		};
/* End PBXGroup section */

/* Begin PBXNativeTarget section */
		30192AD52C3F3298006F62DF /* themoviedb */ = {
			isa = PBXNativeTarget;
			buildConfigurationList = 30192B002C3F329A006F62DF /* Build configuration list for PBXNativeTarget "themoviedb" */;
			buildPhases = (
				30192AD22C3F3298006F62DF /* Sources */,
				30192AD32C3F3298006F62DF /* Frameworks */,
				30192AD42C3F3298006F62DF /* Resources */,
			);
			buildRules = (
			);
			dependencies = (
			);
			name = themoviedb;
			packageProductDependencies = (
				30192B242C3F440B006F62DF /* Swinject */,
				30192B272C3F4463006F62DF /* Alamofire */,
				30192B672C43C3E4006F62DF /* AlamofireImage */,
			);
			productName = themoviedb;
			productReference = 30192AD62C3F3298006F62DF /* themoviedb.app */;
			productType = "com.apple.product-type.application";
		};
		30192AEB2C3F329A006F62DF /* themoviedbTests */ = {
			isa = PBXNativeTarget;
			buildConfigurationList = 30192B032C3F329A006F62DF /* Build configuration list for PBXNativeTarget "themoviedbTests" */;
			buildPhases = (
				30192AE82C3F329A006F62DF /* Sources */,
				30192AE92C3F329A006F62DF /* Frameworks */,
				30192AEA2C3F329A006F62DF /* Resources */,
			);
			buildRules = (
			);
			dependencies = (
				30192AEE2C3F329A006F62DF /* PBXTargetDependency */,
			);
			name = themoviedbTests;
			productName = themoviedbTests;
			productReference = 30192AEC2C3F329A006F62DF /* themoviedbTests.xctest */;
			productType = "com.apple.product-type.bundle.unit-test";
		};
		30192AF52C3F329A006F62DF /* themoviedbUITests */ = {
			isa = PBXNativeTarget;
			buildConfigurationList = 30192B062C3F329A006F62DF /* Build configuration list for PBXNativeTarget "themoviedbUITests" */;
			buildPhases = (
				30192AF22C3F329A006F62DF /* Sources */,
				30192AF32C3F329A006F62DF /* Frameworks */,
				30192AF42C3F329A006F62DF /* Resources */,
			);
			buildRules = (
			);
			dependencies = (
				30192AF82C3F329A006F62DF /* PBXTargetDependency */,
			);
			name = themoviedbUITests;
			productName = themoviedbUITests;
			productReference = 30192AF62C3F329A006F62DF /* themoviedbUITests.xctest */;
			productType = "com.apple.product-type.bundle.ui-testing";
		};
/* End PBXNativeTarget section */

/* Begin PBXProject section */
		30192ACE2C3F3298006F62DF /* Project object */ = {
			isa = PBXProject;
			attributes = {
				BuildIndependentTargetsInParallel = 1;
				LastSwiftUpdateCheck = 1540;
				LastUpgradeCheck = 1540;
				TargetAttributes = {
					30192AD52C3F3298006F62DF = {
						CreatedOnToolsVersion = 15.4;
					};
					30192AEB2C3F329A006F62DF = {
						CreatedOnToolsVersion = 15.4;
						TestTargetID = 30192AD52C3F3298006F62DF;
					};
					30192AF52C3F329A006F62DF = {
						CreatedOnToolsVersion = 15.4;
						TestTargetID = 30192AD52C3F3298006F62DF;
					};
				};
			};
			buildConfigurationList = 30192AD12C3F3298006F62DF /* Build configuration list for PBXProject "themoviedb" */;
			compatibilityVersion = "Xcode 14.0";
			developmentRegion = en;
			hasScannedForEncodings = 0;
			knownRegions = (
				en,
				Base,
			);
			mainGroup = 30192ACD2C3F3298006F62DF;
			packageReferences = (
				30192B202C3F438B006F62DF /* XCRemoteSwiftPackageReference "Swinject" */,
				30192B262C3F4463006F62DF /* XCRemoteSwiftPackageReference "Alamofire" */,
				30192B662C43C3E4006F62DF /* XCRemoteSwiftPackageReference "AlamofireImage" */,
			);
			productRefGroup = 30192AD72C3F3298006F62DF /* Products */;
			projectDirPath = "";
			projectRoot = "";
			targets = (
				30192AD52C3F3298006F62DF /* themoviedb */,
				30192AEB2C3F329A006F62DF /* themoviedbTests */,
				30192AF52C3F329A006F62DF /* themoviedbUITests */,
			);
		};
/* End PBXProject section */

/* Begin PBXResourcesBuildPhase section */
		30192AD42C3F3298006F62DF /* Resources */ = {
			isa = PBXResourcesBuildPhase;
			buildActionMask = 2147483647;
			files = (
				30192B2C2C427C0C006F62DF /* Main.storyboard in Resources */,
				30192AE32C3F329A006F62DF /* Assets.xcassets in Resources */,
				30192AE62C3F329A006F62DF /* Base in Resources */,
			);
			runOnlyForDeploymentPostprocessing = 0;
		};
		30192AEA2C3F329A006F62DF /* Resources */ = {
			isa = PBXResourcesBuildPhase;
			buildActionMask = 2147483647;
			files = (
			);
			runOnlyForDeploymentPostprocessing = 0;
		};
		30192AF42C3F329A006F62DF /* Resources */ = {
			isa = PBXResourcesBuildPhase;
			buildActionMask = 2147483647;
			files = (
			);
			runOnlyForDeploymentPostprocessing = 0;
		};
/* End PBXResourcesBuildPhase section */

/* Begin PBXSourcesBuildPhase section */
		30192AD22C3F3298006F62DF /* Sources */ = {
			isa = PBXSourcesBuildPhase;
			buildActionMask = 2147483647;
			files = (
				30192B1E2C3F3E8F006F62DF /* Coordinator.swift in Sources */,
				30192B342C427DDF006F62DF /* BaseViewModel.swift in Sources */,
				30192B1A2C3F3DFC006F62DF /* Router.swift in Sources */,
				30192B582C43620B006F62DF /* MovieDetailAssembly.swift in Sources */,
				30192B4F2C434C0E006F62DF /* AlamofireAPIClient.swift in Sources */,
				30192B472C4341B7006F62DF /* APIClient.swift in Sources */,
				30192B1C2C3F3E57006F62DF /* BaseRouter.swift in Sources */,
				30192B562C435E16006F62DF /* MovieListAssembly.swift in Sources */,
				30192B3A2C427FB9006F62DF /* MovieDetailViewController.swift in Sources */,
				30192B402C42AA56006F62DF /* MovieRepository.swift in Sources */,
				30192B3E2C42A985006F62DF /* FetchMovieUseCase.swift in Sources */,
				30192B2E2C427D4E006F62DF /* MovieListViewModel.swift in Sources */,
				30192B382C427F95006F62DF /* MovieDetailViewModel.swift in Sources */,
				30192B152C3F3D26006F62DF /* AppCoordinator.swift in Sources */,
				30192B542C435E05006F62DF /* AppAssembly.swift in Sources */,
				30192B362C427F2B006F62DF /* MovieDetailsCoordinator.swift in Sources */,
				30192B5C2C43726B006F62DF /* PagerContainerDTO.swift in Sources */,
				30192B322C427D91006F62DF /* BaseViewController.swift in Sources */,
				30192B2A2C42775D006F62DF /* MovieListCoordinator.swift in Sources */,
				30192B422C42AB47006F62DF /* MovieAPIService.swift in Sources */,
				30192B652C43B80E006F62DF /* MovieTableViewCell.swift in Sources */,
				30192B302C427D60006F62DF /* MovieListViewController.swift in Sources */,
				30192B5E2C4373A9006F62DF /* Pager.swift in Sources */,
				30192B512C435DAE006F62DF /* AppContainer.swift in Sources */,
				30192B602C438DAE006F62DF /* Publisher+Extention.swift in Sources */,
				30192ADA2C3F3298006F62DF /* AppDelegate.swift in Sources */,
				30192B452C42AB88006F62DF /* MovieDTO.swift in Sources */,
				30192ADC2C3F3298006F62DF /* SceneDelegate.swift in Sources */,
				30192B3C2C428030006F62DF /* Movie.swift in Sources */,
				30192B5A2C436251006F62DF /* FetchMovieListUseCase.swift in Sources */,
				30192B4C2C4343C6006F62DF /* Endpoint.swift in Sources */,
				30192B4A2C434397006F62DF /* APIError.swift in Sources */,
			);
			runOnlyForDeploymentPostprocessing = 0;
		};
		30192AE82C3F329A006F62DF /* Sources */ = {
			isa = PBXSourcesBuildPhase;
			buildActionMask = 2147483647;
			files = (
				30192AF12C3F329A006F62DF /* themoviedbTests.swift in Sources */,
			);
			runOnlyForDeploymentPostprocessing = 0;
		};
		30192AF22C3F329A006F62DF /* Sources */ = {
			isa = PBXSourcesBuildPhase;
			buildActionMask = 2147483647;
			files = (
				30192AFB2C3F329A006F62DF /* themoviedbUITests.swift in Sources */,
				30192AFD2C3F329A006F62DF /* themoviedbUITestsLaunchTests.swift in Sources */,
			);
			runOnlyForDeploymentPostprocessing = 0;
		};
/* End PBXSourcesBuildPhase section */

/* Begin PBXTargetDependency section */
		30192AEE2C3F329A006F62DF /* PBXTargetDependency */ = {
			isa = PBXTargetDependency;
			target = 30192AD52C3F3298006F62DF /* themoviedb */;
			targetProxy = 30192AED2C3F329A006F62DF /* PBXContainerItemProxy */;
		};
		30192AF82C3F329A006F62DF /* PBXTargetDependency */ = {
			isa = PBXTargetDependency;
			target = 30192AD52C3F3298006F62DF /* themoviedb */;
			targetProxy = 30192AF72C3F329A006F62DF /* PBXContainerItemProxy */;
		};
/* End PBXTargetDependency section */

/* Begin PBXVariantGroup section */
		30192AE42C3F329A006F62DF /* LaunchScreen.storyboard */ = {
			isa = PBXVariantGroup;
			children = (
				30192AE52C3F329A006F62DF /* Base */,
			);
			name = LaunchScreen.storyboard;
			sourceTree = "<group>";
		};
/* End PBXVariantGroup section */

/* Begin XCBuildConfiguration section */
		30192AFE2C3F329A006F62DF /* Debug */ = {
			isa = XCBuildConfiguration;
			buildSettings = {
				ALWAYS_SEARCH_USER_PATHS = NO;
				ASSETCATALOG_COMPILER_GENERATE_SWIFT_ASSET_SYMBOL_EXTENSIONS = YES;
				CLANG_ANALYZER_NONNULL = YES;
				CLANG_ANALYZER_NUMBER_OBJECT_CONVERSION = YES_AGGRESSIVE;
				CLANG_CXX_LANGUAGE_STANDARD = "gnu++20";
				CLANG_ENABLE_MODULES = YES;
				CLANG_ENABLE_OBJC_ARC = YES;
				CLANG_ENABLE_OBJC_WEAK = YES;
				CLANG_WARN_BLOCK_CAPTURE_AUTORELEASING = YES;
				CLANG_WARN_BOOL_CONVERSION = YES;
				CLANG_WARN_COMMA = YES;
				CLANG_WARN_CONSTANT_CONVERSION = YES;
				CLANG_WARN_DEPRECATED_OBJC_IMPLEMENTATIONS = YES;
				CLANG_WARN_DIRECT_OBJC_ISA_USAGE = YES_ERROR;
				CLANG_WARN_DOCUMENTATION_COMMENTS = YES;
				CLANG_WARN_EMPTY_BODY = YES;
				CLANG_WARN_ENUM_CONVERSION = YES;
				CLANG_WARN_INFINITE_RECURSION = YES;
				CLANG_WARN_INT_CONVERSION = YES;
				CLANG_WARN_NON_LITERAL_NULL_CONVERSION = YES;
				CLANG_WARN_OBJC_IMPLICIT_RETAIN_SELF = YES;
				CLANG_WARN_OBJC_LITERAL_CONVERSION = YES;
				CLANG_WARN_OBJC_ROOT_CLASS = YES_ERROR;
				CLANG_WARN_QUOTED_INCLUDE_IN_FRAMEWORK_HEADER = YES;
				CLANG_WARN_RANGE_LOOP_ANALYSIS = YES;
				CLANG_WARN_STRICT_PROTOTYPES = YES;
				CLANG_WARN_SUSPICIOUS_MOVE = YES;
				CLANG_WARN_UNGUARDED_AVAILABILITY = YES_AGGRESSIVE;
				CLANG_WARN_UNREACHABLE_CODE = YES;
				CLANG_WARN__DUPLICATE_METHOD_MATCH = YES;
				COPY_PHASE_STRIP = NO;
				DEBUG_INFORMATION_FORMAT = dwarf;
				ENABLE_STRICT_OBJC_MSGSEND = YES;
				ENABLE_TESTABILITY = YES;
				ENABLE_USER_SCRIPT_SANDBOXING = YES;
				GCC_C_LANGUAGE_STANDARD = gnu17;
				GCC_DYNAMIC_NO_PIC = NO;
				GCC_NO_COMMON_BLOCKS = YES;
				GCC_OPTIMIZATION_LEVEL = 0;
				GCC_PREPROCESSOR_DEFINITIONS = (
					"DEBUG=1",
					"$(inherited)",
				);
				GCC_WARN_64_TO_32_BIT_CONVERSION = YES;
				GCC_WARN_ABOUT_RETURN_TYPE = YES_ERROR;
				GCC_WARN_UNDECLARED_SELECTOR = YES;
				GCC_WARN_UNINITIALIZED_AUTOS = YES_AGGRESSIVE;
				GCC_WARN_UNUSED_FUNCTION = YES;
				GCC_WARN_UNUSED_VARIABLE = YES;
				IPHONEOS_DEPLOYMENT_TARGET = 17.5;
				LOCALIZATION_PREFERS_STRING_CATALOGS = YES;
				MTL_ENABLE_DEBUG_INFO = INCLUDE_SOURCE;
				MTL_FAST_MATH = YES;
				ONLY_ACTIVE_ARCH = YES;
				SDKROOT = iphoneos;
				SWIFT_ACTIVE_COMPILATION_CONDITIONS = "DEBUG $(inherited)";
				SWIFT_OPTIMIZATION_LEVEL = "-Onone";
			};
			name = Debug;
		};
		30192AFF2C3F329A006F62DF /* Release */ = {
			isa = XCBuildConfiguration;
			buildSettings = {
				ALWAYS_SEARCH_USER_PATHS = NO;
				ASSETCATALOG_COMPILER_GENERATE_SWIFT_ASSET_SYMBOL_EXTENSIONS = YES;
				CLANG_ANALYZER_NONNULL = YES;
				CLANG_ANALYZER_NUMBER_OBJECT_CONVERSION = YES_AGGRESSIVE;
				CLANG_CXX_LANGUAGE_STANDARD = "gnu++20";
				CLANG_ENABLE_MODULES = YES;
				CLANG_ENABLE_OBJC_ARC = YES;
				CLANG_ENABLE_OBJC_WEAK = YES;
				CLANG_WARN_BLOCK_CAPTURE_AUTORELEASING = YES;
				CLANG_WARN_BOOL_CONVERSION = YES;
				CLANG_WARN_COMMA = YES;
				CLANG_WARN_CONSTANT_CONVERSION = YES;
				CLANG_WARN_DEPRECATED_OBJC_IMPLEMENTATIONS = YES;
				CLANG_WARN_DIRECT_OBJC_ISA_USAGE = YES_ERROR;
				CLANG_WARN_DOCUMENTATION_COMMENTS = YES;
				CLANG_WARN_EMPTY_BODY = YES;
				CLANG_WARN_ENUM_CONVERSION = YES;
				CLANG_WARN_INFINITE_RECURSION = YES;
				CLANG_WARN_INT_CONVERSION = YES;
				CLANG_WARN_NON_LITERAL_NULL_CONVERSION = YES;
				CLANG_WARN_OBJC_IMPLICIT_RETAIN_SELF = YES;
				CLANG_WARN_OBJC_LITERAL_CONVERSION = YES;
				CLANG_WARN_OBJC_ROOT_CLASS = YES_ERROR;
				CLANG_WARN_QUOTED_INCLUDE_IN_FRAMEWORK_HEADER = YES;
				CLANG_WARN_RANGE_LOOP_ANALYSIS = YES;
				CLANG_WARN_STRICT_PROTOTYPES = YES;
				CLANG_WARN_SUSPICIOUS_MOVE = YES;
				CLANG_WARN_UNGUARDED_AVAILABILITY = YES_AGGRESSIVE;
				CLANG_WARN_UNREACHABLE_CODE = YES;
				CLANG_WARN__DUPLICATE_METHOD_MATCH = YES;
				COPY_PHASE_STRIP = NO;
				DEBUG_INFORMATION_FORMAT = "dwarf-with-dsym";
				ENABLE_NS_ASSERTIONS = NO;
				ENABLE_STRICT_OBJC_MSGSEND = YES;
				ENABLE_USER_SCRIPT_SANDBOXING = YES;
				GCC_C_LANGUAGE_STANDARD = gnu17;
				GCC_NO_COMMON_BLOCKS = YES;
				GCC_WARN_64_TO_32_BIT_CONVERSION = YES;
				GCC_WARN_ABOUT_RETURN_TYPE = YES_ERROR;
				GCC_WARN_UNDECLARED_SELECTOR = YES;
				GCC_WARN_UNINITIALIZED_AUTOS = YES_AGGRESSIVE;
				GCC_WARN_UNUSED_FUNCTION = YES;
				GCC_WARN_UNUSED_VARIABLE = YES;
				IPHONEOS_DEPLOYMENT_TARGET = 17.5;
				LOCALIZATION_PREFERS_STRING_CATALOGS = YES;
				MTL_ENABLE_DEBUG_INFO = NO;
				MTL_FAST_MATH = YES;
				SDKROOT = iphoneos;
				SWIFT_COMPILATION_MODE = wholemodule;
				VALIDATE_PRODUCT = YES;
			};
			name = Release;
		};
		30192B012C3F329A006F62DF /* Debug */ = {
			isa = XCBuildConfiguration;
			buildSettings = {
				ASSETCATALOG_COMPILER_APPICON_NAME = AppIcon;
				ASSETCATALOG_COMPILER_GLOBAL_ACCENT_COLOR_NAME = AccentColor;
				CODE_SIGN_STYLE = Automatic;
				CURRENT_PROJECT_VERSION = 1;
				DEVELOPMENT_TEAM = M88NZFL39G;
				GENERATE_INFOPLIST_FILE = YES;
				INFOPLIST_FILE = themoviedb/Info.plist;
				INFOPLIST_KEY_UIApplicationSupportsIndirectInputEvents = YES;
				INFOPLIST_KEY_UILaunchStoryboardName = LaunchScreen;
				INFOPLIST_KEY_UIMainStoryboardFile = Main;
				INFOPLIST_KEY_UISupportedInterfaceOrientations_iPad = "UIInterfaceOrientationPortrait UIInterfaceOrientationPortraitUpsideDown UIInterfaceOrientationLandscapeLeft UIInterfaceOrientationLandscapeRight";
				INFOPLIST_KEY_UISupportedInterfaceOrientations_iPhone = "UIInterfaceOrientationPortrait UIInterfaceOrientationLandscapeLeft UIInterfaceOrientationLandscapeRight";
				LD_RUNPATH_SEARCH_PATHS = (
					"$(inherited)",
					"@executable_path/Frameworks",
				);
				MARKETING_VERSION = 1.0;
				PRODUCT_BUNDLE_IDENTIFIER = com.feelinggood.themoviedb;
				PRODUCT_NAME = "$(TARGET_NAME)";
				SWIFT_EMIT_LOC_STRINGS = YES;
				SWIFT_VERSION = 5.0;
				TARGETED_DEVICE_FAMILY = "1,2";
			};
			name = Debug;
		};
		30192B022C3F329A006F62DF /* Release */ = {
			isa = XCBuildConfiguration;
			buildSettings = {
				ASSETCATALOG_COMPILER_APPICON_NAME = AppIcon;
				ASSETCATALOG_COMPILER_GLOBAL_ACCENT_COLOR_NAME = AccentColor;
				CODE_SIGN_STYLE = Automatic;
				CURRENT_PROJECT_VERSION = 1;
				DEVELOPMENT_TEAM = M88NZFL39G;
				GENERATE_INFOPLIST_FILE = YES;
				INFOPLIST_FILE = themoviedb/Info.plist;
				INFOPLIST_KEY_UIApplicationSupportsIndirectInputEvents = YES;
				INFOPLIST_KEY_UILaunchStoryboardName = LaunchScreen;
				INFOPLIST_KEY_UIMainStoryboardFile = Main;
				INFOPLIST_KEY_UISupportedInterfaceOrientations_iPad = "UIInterfaceOrientationPortrait UIInterfaceOrientationPortraitUpsideDown UIInterfaceOrientationLandscapeLeft UIInterfaceOrientationLandscapeRight";
				INFOPLIST_KEY_UISupportedInterfaceOrientations_iPhone = "UIInterfaceOrientationPortrait UIInterfaceOrientationLandscapeLeft UIInterfaceOrientationLandscapeRight";
				LD_RUNPATH_SEARCH_PATHS = (
					"$(inherited)",
					"@executable_path/Frameworks",
				);
				MARKETING_VERSION = 1.0;
				PRODUCT_BUNDLE_IDENTIFIER = com.feelinggood.themoviedb;
				PRODUCT_NAME = "$(TARGET_NAME)";
				SWIFT_EMIT_LOC_STRINGS = YES;
				SWIFT_VERSION = 5.0;
				TARGETED_DEVICE_FAMILY = "1,2";
			};
			name = Release;
		};
		30192B042C3F329A006F62DF /* Debug */ = {
			isa = XCBuildConfiguration;
			buildSettings = {
				ALWAYS_EMBED_SWIFT_STANDARD_LIBRARIES = YES;
				BUNDLE_LOADER = "$(TEST_HOST)";
				CODE_SIGN_STYLE = Automatic;
				CURRENT_PROJECT_VERSION = 1;
				DEVELOPMENT_TEAM = M88NZFL39G;
				GENERATE_INFOPLIST_FILE = YES;
				IPHONEOS_DEPLOYMENT_TARGET = 17.5;
				MARKETING_VERSION = 1.0;
				PRODUCT_BUNDLE_IDENTIFIER = com.feelinggood.themoviedbTests;
				PRODUCT_NAME = "$(TARGET_NAME)";
				SWIFT_EMIT_LOC_STRINGS = NO;
				SWIFT_VERSION = 5.0;
				TARGETED_DEVICE_FAMILY = "1,2";
				TEST_HOST = "$(BUILT_PRODUCTS_DIR)/themoviedb.app/$(BUNDLE_EXECUTABLE_FOLDER_PATH)/themoviedb";
			};
			name = Debug;
		};
		30192B052C3F329A006F62DF /* Release */ = {
			isa = XCBuildConfiguration;
			buildSettings = {
				ALWAYS_EMBED_SWIFT_STANDARD_LIBRARIES = YES;
				BUNDLE_LOADER = "$(TEST_HOST)";
				CODE_SIGN_STYLE = Automatic;
				CURRENT_PROJECT_VERSION = 1;
				DEVELOPMENT_TEAM = M88NZFL39G;
				GENERATE_INFOPLIST_FILE = YES;
				IPHONEOS_DEPLOYMENT_TARGET = 17.5;
				MARKETING_VERSION = 1.0;
				PRODUCT_BUNDLE_IDENTIFIER = com.feelinggood.themoviedbTests;
				PRODUCT_NAME = "$(TARGET_NAME)";
				SWIFT_EMIT_LOC_STRINGS = NO;
				SWIFT_VERSION = 5.0;
				TARGETED_DEVICE_FAMILY = "1,2";
				TEST_HOST = "$(BUILT_PRODUCTS_DIR)/themoviedb.app/$(BUNDLE_EXECUTABLE_FOLDER_PATH)/themoviedb";
			};
			name = Release;
		};
		30192B072C3F329A006F62DF /* Debug */ = {
			isa = XCBuildConfiguration;
			buildSettings = {
				ALWAYS_EMBED_SWIFT_STANDARD_LIBRARIES = YES;
				CODE_SIGN_STYLE = Automatic;
				CURRENT_PROJECT_VERSION = 1;
				DEVELOPMENT_TEAM = M88NZFL39G;
				GENERATE_INFOPLIST_FILE = YES;
				MARKETING_VERSION = 1.0;
				PRODUCT_BUNDLE_IDENTIFIER = com.feelinggood.themoviedbUITests;
				PRODUCT_NAME = "$(TARGET_NAME)";
				SWIFT_EMIT_LOC_STRINGS = NO;
				SWIFT_VERSION = 5.0;
				TARGETED_DEVICE_FAMILY = "1,2";
				TEST_TARGET_NAME = themoviedb;
			};
			name = Debug;
		};
		30192B082C3F329A006F62DF /* Release */ = {
			isa = XCBuildConfiguration;
			buildSettings = {
				ALWAYS_EMBED_SWIFT_STANDARD_LIBRARIES = YES;
				CODE_SIGN_STYLE = Automatic;
				CURRENT_PROJECT_VERSION = 1;
				DEVELOPMENT_TEAM = M88NZFL39G;
				GENERATE_INFOPLIST_FILE = YES;
				MARKETING_VERSION = 1.0;
				PRODUCT_BUNDLE_IDENTIFIER = com.feelinggood.themoviedbUITests;
				PRODUCT_NAME = "$(TARGET_NAME)";
				SWIFT_EMIT_LOC_STRINGS = NO;
				SWIFT_VERSION = 5.0;
				TARGETED_DEVICE_FAMILY = "1,2";
				TEST_TARGET_NAME = themoviedb;
			};
			name = Release;
		};
/* End XCBuildConfiguration section */

/* Begin XCConfigurationList section */
		30192AD12C3F3298006F62DF /* Build configuration list for PBXProject "themoviedb" */ = {
			isa = XCConfigurationList;
			buildConfigurations = (
				30192AFE2C3F329A006F62DF /* Debug */,
				30192AFF2C3F329A006F62DF /* Release */,
			);
			defaultConfigurationIsVisible = 0;
			defaultConfigurationName = Release;
		};
		30192B002C3F329A006F62DF /* Build configuration list for PBXNativeTarget "themoviedb" */ = {
			isa = XCConfigurationList;
			buildConfigurations = (
				30192B012C3F329A006F62DF /* Debug */,
				30192B022C3F329A006F62DF /* Release */,
			);
			defaultConfigurationIsVisible = 0;
			defaultConfigurationName = Release;
		};
		30192B032C3F329A006F62DF /* Build configuration list for PBXNativeTarget "themoviedbTests" */ = {
			isa = XCConfigurationList;
			buildConfigurations = (
				30192B042C3F329A006F62DF /* Debug */,
				30192B052C3F329A006F62DF /* Release */,
			);
			defaultConfigurationIsVisible = 0;
			defaultConfigurationName = Release;
		};
		30192B062C3F329A006F62DF /* Build configuration list for PBXNativeTarget "themoviedbUITests" */ = {
			isa = XCConfigurationList;
			buildConfigurations = (
				30192B072C3F329A006F62DF /* Debug */,
				30192B082C3F329A006F62DF /* Release */,
			);
			defaultConfigurationIsVisible = 0;
			defaultConfigurationName = Release;
		};
/* End XCConfigurationList section */

/* Begin XCRemoteSwiftPackageReference section */
		30192B202C3F438B006F62DF /* XCRemoteSwiftPackageReference "Swinject" */ = {
			isa = XCRemoteSwiftPackageReference;
			repositoryURL = "https://github.com/Swinject/Swinject";
			requirement = {
				kind = upToNextMajorVersion;
				minimumVersion = 2.9.1;
			};
		};
		30192B262C3F4463006F62DF /* XCRemoteSwiftPackageReference "Alamofire" */ = {
			isa = XCRemoteSwiftPackageReference;
			repositoryURL = "https://github.com/Alamofire/Alamofire";
			requirement = {
				kind = upToNextMajorVersion;
				minimumVersion = 5.9.1;
			};
		};
		30192B662C43C3E4006F62DF /* XCRemoteSwiftPackageReference "AlamofireImage" */ = {
			isa = XCRemoteSwiftPackageReference;
			repositoryURL = "https://github.com/Alamofire/AlamofireImage";
			requirement = {
				kind = upToNextMajorVersion;
				minimumVersion = 4.3.0;
			};
		};
/* End XCRemoteSwiftPackageReference section */

/* Begin XCSwiftPackageProductDependency section */
		30192B242C3F440B006F62DF /* Swinject */ = {
			isa = XCSwiftPackageProductDependency;
			package = 30192B202C3F438B006F62DF /* XCRemoteSwiftPackageReference "Swinject" */;
			productName = Swinject;
		};
		30192B272C3F4463006F62DF /* Alamofire */ = {
			isa = XCSwiftPackageProductDependency;
			package = 30192B262C3F4463006F62DF /* XCRemoteSwiftPackageReference "Alamofire" */;
			productName = Alamofire;
		};
		30192B672C43C3E4006F62DF /* AlamofireImage */ = {
			isa = XCSwiftPackageProductDependency;
			package = 30192B662C43C3E4006F62DF /* XCRemoteSwiftPackageReference "AlamofireImage" */;
			productName = AlamofireImage;
		};
/* End XCSwiftPackageProductDependency section */
	};
	rootObject = 30192ACE2C3F3298006F62DF /* Project object */;
}
